
Microsoft Visual Studio Solution File, Format Version 12.00
# Visual Studio 2017
Project("{FAE04EC0-301F-11D3-BF4B-00C04F79EFBC}") = "Mainmenu", "Mainmenu.csproj", "{61B4FA89-C7AC-A9D4-8ACA-E5F0BDF7CA1C}"
EndProject
Project("{FAE04EC0-301F-11D3-BF4B-00C04F79EFBC}") = "Mainmenu.Plugins", "Mainmenu.Plugins.csproj", "{334E2996-4C0D-A41E-F57C-8E5C48BC18AA}"
EndProject
Project("{FAE04EC0-301F-11D3-BF4B-00C04F79EFBC}") = "Mainmenu.Editor", "Mainmenu.Editor.csproj", "{57055312-9439-4139-9C3C-927AA518B77F}"
EndProject
Global
	GlobalSection(SolutionConfigurationPlatforms) = preSolution
		Debug|Any CPU = Debug|Any CPU
		Release|Any CPU = Release|Any CPU
	EndGlobalSection
	GlobalSection(ProjectConfigurationPlatforms) = postSolution
		{61B4FA89-C7AC-A9D4-8ACA-E5F0BDF7CA1C}.Debug|Any CPU.ActiveCfg = Debug|Any CPU
		{61B4FA89-C7AC-A9D4-8ACA-E5F0BDF7CA1C}.Debug|Any CPU.Build.0 = Debug|Any CPU
		{61B4FA89-C7AC-A9D4-8ACA-E5F0BDF7CA1C}.Release|Any CPU.ActiveCfg = Release|Any CPU
		{61B4FA89-C7AC-A9D4-8ACA-E5F0BDF7CA1C}.Release|Any CPU.Build.0 = Release|Any CPU
		{334E2996-4C0D-A41E-F57C-8E5C48BC18AA}.Debug|Any CPU.ActiveCfg = Debug|Any CPU
		{334E2996-4C0D-A41E-F57C-8E5C48BC18AA}.Debug|Any CPU.Build.0 = Debug|Any CPU
		{334E2996-4C0D-A41E-F57C-8E5C48BC18AA}.Release|Any CPU.ActiveCfg = Release|Any CPU
		{334E2996-4C0D-A41E-F57C-8E5C48BC18AA}.Release|Any CPU.Build.0 = Release|Any CPU
		{57055312-9439-4139-9C3C-927AA518B77F}.Debug|Any CPU.ActiveCfg = Debug|Any CPU
		{57055312-9439-4139-9C3C-927AA518B77F}.Debug|Any CPU.Build.0 = Debug|Any CPU
		{57055312-9439-4139-9C3C-927AA518B77F}.Release|Any CPU.ActiveCfg = Release|Any CPU
		{57055312-9439-4139-9C3C-927AA518B77F}.Release|Any CPU.Build.0 = Release|Any CPU
	EndGlobalSection
	GlobalSection(SolutionProperties) = preSolution
		HideSolutionNode = FALSE
	EndGlobalSection
EndGlobal
