
Microsoft Visual Studio Solution File, Format Version 12.00
# Visual Studio 2017
Project("{FAE04EC0-301F-11D3-BF4B-00C04F79EFBC}") = "mainmenu", "mainmenu.csproj", "{50BE5225-F82C-8453-1FDB-70F454142C50}"
EndProject
Project("{FAE04EC0-301F-11D3-BF4B-00C04F79EFBC}") = "mainmenu.Plugins", "mainmenu.Plugins.csproj", "{C5808482-337E-C3EB-0BBD-3E351ECFA9AE}"
EndProject
Project("{FAE04EC0-301F-11D3-BF4B-00C04F79EFBC}") = "mainmenu.Editor", "mainmenu.Editor.csproj", "{B959C645-2AE4-AE40-D006-7E8288D31253}"
EndProject
Global
	GlobalSection(SolutionConfigurationPlatforms) = preSolution
		Debug|Any CPU = Debug|Any CPU
		Release|Any CPU = Release|Any CPU
	EndGlobalSection
	GlobalSection(ProjectConfigurationPlatforms) = postSolution
		{50BE5225-F82C-8453-1FDB-70F454142C50}.Debug|Any CPU.ActiveCfg = Debug|Any CPU
		{50BE5225-F82C-8453-1FDB-70F454142C50}.Debug|Any CPU.Build.0 = Debug|Any CPU
		{50BE5225-F82C-8453-1FDB-70F454142C50}.Release|Any CPU.ActiveCfg = Release|Any CPU
		{50BE5225-F82C-8453-1FDB-70F454142C50}.Release|Any CPU.Build.0 = Release|Any CPU
		{C5808482-337E-C3EB-0BBD-3E351ECFA9AE}.Debug|Any CPU.ActiveCfg = Debug|Any CPU
		{C5808482-337E-C3EB-0BBD-3E351ECFA9AE}.Debug|Any CPU.Build.0 = Debug|Any CPU
		{C5808482-337E-C3EB-0BBD-3E351ECFA9AE}.Release|Any CPU.ActiveCfg = Release|Any CPU
		{C5808482-337E-C3EB-0BBD-3E351ECFA9AE}.Release|Any CPU.Build.0 = Release|Any CPU
		{B959C645-2AE4-AE40-D006-7E8288D31253}.Debug|Any CPU.ActiveCfg = Debug|Any CPU
		{B959C645-2AE4-AE40-D006-7E8288D31253}.Debug|Any CPU.Build.0 = Debug|Any CPU
		{B959C645-2AE4-AE40-D006-7E8288D31253}.Release|Any CPU.ActiveCfg = Release|Any CPU
		{B959C645-2AE4-AE40-D006-7E8288D31253}.Release|Any CPU.Build.0 = Release|Any CPU
	EndGlobalSection
	GlobalSection(SolutionProperties) = preSolution
		HideSolutionNode = FALSE
	EndGlobalSection
EndGlobal
